// !$*UTF8*$!
{
	archiveVersion = 1;
	classes = {
	};
	objectVersion = 56;
	objects = {

/* Begin PBXBuildFile section */
		640936AB299667300016203F /* FamilyGroupView.swift in Sources */ = {isa = PBXBuildFile; fileRef = 640936AA299667300016203F /* FamilyGroupView.swift */; };
		640936AD29966FB00016203F /* FamilyGroupViewModel.swift in Sources */ = {isa = PBXBuildFile; fileRef = 640936AC29966FB00016203F /* FamilyGroupViewModel.swift */; };
		640936AF29967BBE0016203F /* FamilyGroupCode.swift in Sources */ = {isa = PBXBuildFile; fileRef = 640936AE29967BBE0016203F /* FamilyGroupCode.swift */; };
		6435E5B029883A8C001A355B /* MapContentView.swift in Sources */ = {isa = PBXBuildFile; fileRef = 6435E5AF29883A8C001A355B /* MapContentView.swift */; };
		6435E5B329886966001A355B /* MapContentViewModel.swift in Sources */ = {isa = PBXBuildFile; fileRef = 6435E5B229886966001A355B /* MapContentViewModel.swift */; };
		6452FBE929A4CD5D0073C6F5 /* HomeView.swift in Sources */ = {isa = PBXBuildFile; fileRef = 6452FBE829A4CD5D0073C6F5 /* HomeView.swift */; };
		646AE6D82996AA3C007E698E /* Users.swift in Sources */ = {isa = PBXBuildFile; fileRef = 646AE6D72996AA3C007E698E /* Users.swift */; };
		646AE6DC299838E5007E698E /* SignUpView.swift in Sources */ = {isa = PBXBuildFile; fileRef = 646AE6DB299838E5007E698E /* SignUpView.swift */; };
		646AE6DE299950F2007E698E /* LogInView.swift in Sources */ = {isa = PBXBuildFile; fileRef = 646AE6DD299950F2007E698E /* LogInView.swift */; };
		646AE6E329995313007E698E /* AppViewModel.swift in Sources */ = {isa = PBXBuildFile; fileRef = 646AE6E229995313007E698E /* AppViewModel.swift */; };
		646AE6E5299960DC007E698E /* UserNameView.swift in Sources */ = {isa = PBXBuildFile; fileRef = 646AE6E4299960DC007E698E /* UserNameView.swift */; };
		64832ED929887D8800284993 /* Place.swift in Sources */ = {isa = PBXBuildFile; fileRef = 64832ED829887D8700284993 /* Place.swift */; };
		64834E88299F8DEE0044D29F /* GetDataView.swift in Sources */ = {isa = PBXBuildFile; fileRef = 64834E87299F8DEE0044D29F /* GetDataView.swift */; };
		64834E8A29A0E05E0044D29F /* ShoppingListViewModel.swift in Sources */ = {isa = PBXBuildFile; fileRef = 64834E8929A0E05E0044D29F /* ShoppingListViewModel.swift */; };
		6490100B299CD8FC001C15DF /* ShoppingListView.swift in Sources */ = {isa = PBXBuildFile; fileRef = 6490100A299CD8FC001C15DF /* ShoppingListView.swift */; };
		6490100D299CD983001C15DF /* ItemRowView.swift in Sources */ = {isa = PBXBuildFile; fileRef = 6490100C299CD983001C15DF /* ItemRowView.swift */; };
		6490100F299CD9D1001C15DF /* ItemList.swift in Sources */ = {isa = PBXBuildFile; fileRef = 6490100E299CD9D1001C15DF /* ItemList.swift */; };
		64A0FCE42987D33E004B18AA /* FamilyAppApp.swift in Sources */ = {isa = PBXBuildFile; fileRef = 64A0FCE32987D33E004B18AA /* FamilyAppApp.swift */; };
		64A0FCE62987D33E004B18AA /* ContentView.swift in Sources */ = {isa = PBXBuildFile; fileRef = 64A0FCE52987D33E004B18AA /* ContentView.swift */; };
		64A0FCE82987D344004B18AA /* Assets.xcassets in Resources */ = {isa = PBXBuildFile; fileRef = 64A0FCE72987D344004B18AA /* Assets.xcassets */; };
		64A0FCEB2987D344004B18AA /* Preview Assets.xcassets in Resources */ = {isa = PBXBuildFile; fileRef = 64A0FCEA2987D344004B18AA /* Preview Assets.xcassets */; };
		64A0FCF02987D344004B18AA /* FamilyApp.xcdatamodeld in Sources */ = {isa = PBXBuildFile; fileRef = 64A0FCEE2987D344004B18AA /* FamilyApp.xcdatamodeld */; };
		64A0FCFA2987D345004B18AA /* FamilyAppTests.swift in Sources */ = {isa = PBXBuildFile; fileRef = 64A0FCF92987D345004B18AA /* FamilyAppTests.swift */; };
		64A0FD042987D345004B18AA /* FamilyAppUITests.swift in Sources */ = {isa = PBXBuildFile; fileRef = 64A0FD032987D345004B18AA /* FamilyAppUITests.swift */; };
		64A0FD062987D345004B18AA /* FamilyAppUITestsLaunchTests.swift in Sources */ = {isa = PBXBuildFile; fileRef = 64A0FD052987D345004B18AA /* FamilyAppUITestsLaunchTests.swift */; };
		64EDC044298AA2B40030FECF /* GoogleService-Info.plist in Resources */ = {isa = PBXBuildFile; fileRef = 64EDC043298AA2B40030FECF /* GoogleService-Info.plist */; };
		64EDC047298AA4780030FECF /* FirebaseAuth in Frameworks */ = {isa = PBXBuildFile; productRef = 64EDC046298AA4780030FECF /* FirebaseAuth */; };
		64EDC049298AA4780030FECF /* FirebaseFirestore in Frameworks */ = {isa = PBXBuildFile; productRef = 64EDC048298AA4780030FECF /* FirebaseFirestore */; };
		64EDC04B298AA4780030FECF /* FirebaseFirestoreSwift in Frameworks */ = {isa = PBXBuildFile; productRef = 64EDC04A298AA4780030FECF /* FirebaseFirestoreSwift */; };
		64EDC04D298AA4780030FECF /* FirebaseFunctions in Frameworks */ = {isa = PBXBuildFile; productRef = 64EDC04C298AA4780030FECF /* FirebaseFunctions */; };
		64EDC04F298AA4780030FECF /* FirebaseStorage in Frameworks */ = {isa = PBXBuildFile; productRef = 64EDC04E298AA4780030FECF /* FirebaseStorage */; };
/* End PBXBuildFile section */

/* Begin PBXContainerItemProxy section */
		64A0FCF62987D345004B18AA /* PBXContainerItemProxy */ = {
			isa = PBXContainerItemProxy;
			containerPortal = 64A0FCD82987D33D004B18AA /* Project object */;
			proxyType = 1;
			remoteGlobalIDString = 64A0FCDF2987D33E004B18AA;
			remoteInfo = FamilyApp;
		};
		64A0FD002987D345004B18AA /* PBXContainerItemProxy */ = {
			isa = PBXContainerItemProxy;
			containerPortal = 64A0FCD82987D33D004B18AA /* Project object */;
			proxyType = 1;
			remoteGlobalIDString = 64A0FCDF2987D33E004B18AA;
			remoteInfo = FamilyApp;
		};
/* End PBXContainerItemProxy section */

/* Begin PBXFileReference section */
		640936AA299667300016203F /* FamilyGroupView.swift */ = {isa = PBXFileReference; lastKnownFileType = sourcecode.swift; path = FamilyGroupView.swift; sourceTree = "<group>"; };
		640936AC29966FB00016203F /* FamilyGroupViewModel.swift */ = {isa = PBXFileReference; lastKnownFileType = sourcecode.swift; path = FamilyGroupViewModel.swift; sourceTree = "<group>"; };
		640936AE29967BBE0016203F /* FamilyGroupCode.swift */ = {isa = PBXFileReference; lastKnownFileType = sourcecode.swift; path = FamilyGroupCode.swift; sourceTree = "<group>"; };
		6435E5AF29883A8C001A355B /* MapContentView.swift */ = {isa = PBXFileReference; lastKnownFileType = sourcecode.swift; path = MapContentView.swift; sourceTree = "<group>"; };
		6435E5B129885A71001A355B /* Info.plist */ = {isa = PBXFileReference; lastKnownFileType = text.plist; path = Info.plist; sourceTree = "<group>"; };
		6435E5B229886966001A355B /* MapContentViewModel.swift */ = {isa = PBXFileReference; lastKnownFileType = sourcecode.swift; path = MapContentViewModel.swift; sourceTree = "<group>"; };
		6452FBE829A4CD5D0073C6F5 /* HomeView.swift */ = {isa = PBXFileReference; lastKnownFileType = sourcecode.swift; path = HomeView.swift; sourceTree = "<group>"; };
		646AE6D72996AA3C007E698E /* Users.swift */ = {isa = PBXFileReference; lastKnownFileType = sourcecode.swift; path = Users.swift; sourceTree = "<group>"; };
		646AE6DB299838E5007E698E /* SignUpView.swift */ = {isa = PBXFileReference; lastKnownFileType = sourcecode.swift; path = SignUpView.swift; sourceTree = "<group>"; };
		646AE6DD299950F2007E698E /* LogInView.swift */ = {isa = PBXFileReference; lastKnownFileType = sourcecode.swift; path = LogInView.swift; sourceTree = "<group>"; };
		646AE6E229995313007E698E /* AppViewModel.swift */ = {isa = PBXFileReference; lastKnownFileType = sourcecode.swift; path = AppViewModel.swift; sourceTree = "<group>"; };
		646AE6E4299960DC007E698E /* UserNameView.swift */ = {isa = PBXFileReference; lastKnownFileType = sourcecode.swift; path = UserNameView.swift; sourceTree = "<group>"; };
		64832ED829887D8700284993 /* Place.swift */ = {isa = PBXFileReference; lastKnownFileType = sourcecode.swift; path = Place.swift; sourceTree = "<group>"; };
		64834E87299F8DEE0044D29F /* GetDataView.swift */ = {isa = PBXFileReference; lastKnownFileType = sourcecode.swift; path = GetDataView.swift; sourceTree = "<group>"; };
		64834E8929A0E05E0044D29F /* ShoppingListViewModel.swift */ = {isa = PBXFileReference; lastKnownFileType = sourcecode.swift; path = ShoppingListViewModel.swift; sourceTree = "<group>"; };
		6490100A299CD8FC001C15DF /* ShoppingListView.swift */ = {isa = PBXFileReference; lastKnownFileType = sourcecode.swift; path = ShoppingListView.swift; sourceTree = "<group>"; };
		6490100C299CD983001C15DF /* ItemRowView.swift */ = {isa = PBXFileReference; lastKnownFileType = sourcecode.swift; path = ItemRowView.swift; sourceTree = "<group>"; };
		6490100E299CD9D1001C15DF /* ItemList.swift */ = {isa = PBXFileReference; lastKnownFileType = sourcecode.swift; path = ItemList.swift; sourceTree = "<group>"; };
		64A0FCE02987D33E004B18AA /* FamilyApp.app */ = {isa = PBXFileReference; explicitFileType = wrapper.application; includeInIndex = 0; path = FamilyApp.app; sourceTree = BUILT_PRODUCTS_DIR; };
		64A0FCE32987D33E004B18AA /* FamilyAppApp.swift */ = {isa = PBXFileReference; lastKnownFileType = sourcecode.swift; path = FamilyAppApp.swift; sourceTree = "<group>"; };
		64A0FCE52987D33E004B18AA /* ContentView.swift */ = {isa = PBXFileReference; lastKnownFileType = sourcecode.swift; path = ContentView.swift; sourceTree = "<group>"; };
		64A0FCE72987D344004B18AA /* Assets.xcassets */ = {isa = PBXFileReference; lastKnownFileType = folder.assetcatalog; path = Assets.xcassets; sourceTree = "<group>"; };
		64A0FCEA2987D344004B18AA /* Preview Assets.xcassets */ = {isa = PBXFileReference; lastKnownFileType = folder.assetcatalog; path = "Preview Assets.xcassets"; sourceTree = "<group>"; };
		64A0FCEF2987D344004B18AA /* FamilyApp.xcdatamodel */ = {isa = PBXFileReference; lastKnownFileType = wrapper.xcdatamodel; path = FamilyApp.xcdatamodel; sourceTree = "<group>"; };
		64A0FCF52987D345004B18AA /* FamilyAppTests.xctest */ = {isa = PBXFileReference; explicitFileType = wrapper.cfbundle; includeInIndex = 0; path = FamilyAppTests.xctest; sourceTree = BUILT_PRODUCTS_DIR; };
		64A0FCF92987D345004B18AA /* FamilyAppTests.swift */ = {isa = PBXFileReference; lastKnownFileType = sourcecode.swift; path = FamilyAppTests.swift; sourceTree = "<group>"; };
		64A0FCFF2987D345004B18AA /* FamilyAppUITests.xctest */ = {isa = PBXFileReference; explicitFileType = wrapper.cfbundle; includeInIndex = 0; path = FamilyAppUITests.xctest; sourceTree = BUILT_PRODUCTS_DIR; };
		64A0FD032987D345004B18AA /* FamilyAppUITests.swift */ = {isa = PBXFileReference; lastKnownFileType = sourcecode.swift; path = FamilyAppUITests.swift; sourceTree = "<group>"; };
		64A0FD052987D345004B18AA /* FamilyAppUITestsLaunchTests.swift */ = {isa = PBXFileReference; lastKnownFileType = sourcecode.swift; path = FamilyAppUITestsLaunchTests.swift; sourceTree = "<group>"; };
		64EDC043298AA2B40030FECF /* GoogleService-Info.plist */ = {isa = PBXFileReference; fileEncoding = 4; lastKnownFileType = text.plist.xml; path = "GoogleService-Info.plist"; sourceTree = "<group>"; };
/* End PBXFileReference section */

/* Begin PBXFrameworksBuildPhase section */
		64A0FCDD2987D33E004B18AA /* Frameworks */ = {
			isa = PBXFrameworksBuildPhase;
			buildActionMask = 2147483647;
			files = (
				64EDC047298AA4780030FECF /* FirebaseAuth in Frameworks */,
				64EDC049298AA4780030FECF /* FirebaseFirestore in Frameworks */,
				64EDC04B298AA4780030FECF /* FirebaseFirestoreSwift in Frameworks */,
				64EDC04F298AA4780030FECF /* FirebaseStorage in Frameworks */,
				64EDC04D298AA4780030FECF /* FirebaseFunctions in Frameworks */,
			);
			runOnlyForDeploymentPostprocessing = 0;
		};
		64A0FCF22987D345004B18AA /* Frameworks */ = {
			isa = PBXFrameworksBuildPhase;
			buildActionMask = 2147483647;
			files = (
			);
			runOnlyForDeploymentPostprocessing = 0;
		};
		64A0FCFC2987D345004B18AA /* Frameworks */ = {
			isa = PBXFrameworksBuildPhase;
			buildActionMask = 2147483647;
			files = (
			);
			runOnlyForDeploymentPostprocessing = 0;
		};
/* End PBXFrameworksBuildPhase section */

/* Begin PBXGroup section */
		6452FBEA29A4D2460073C6F5 /* Home */ = {
			isa = PBXGroup;
			children = (
				6452FBE829A4CD5D0073C6F5 /* HomeView.swift */,
			);
			path = Home;
			sourceTree = "<group>";
		};
		646AE6DF29995176007E698E /* Start-LogIn */ = {
			isa = PBXGroup;
			children = (
				64A0FCE32987D33E004B18AA /* FamilyAppApp.swift */,
				64A0FCE52987D33E004B18AA /* ContentView.swift */,
				646AE6DD299950F2007E698E /* LogInView.swift */,
				646AE6DB299838E5007E698E /* SignUpView.swift */,
				646AE6E229995313007E698E /* AppViewModel.swift */,
				64834E87299F8DEE0044D29F /* GetDataView.swift */,
			);
			path = "Start-LogIn";
			sourceTree = "<group>";
		};
		646AE6E0299951B1007E698E /* Map */ = {
			isa = PBXGroup;
			children = (
				6435E5AF29883A8C001A355B /* MapContentView.swift */,
				6435E5B229886966001A355B /* MapContentViewModel.swift */,
				64832ED829887D8700284993 /* Place.swift */,
				646AE6D72996AA3C007E698E /* Users.swift */,
			);
			path = Map;
			sourceTree = "<group>";
		};
		646AE6E12999528C007E698E /* FamilyGroup */ = {
			isa = PBXGroup;
			children = (
				640936AE29967BBE0016203F /* FamilyGroupCode.swift */,
				640936AA299667300016203F /* FamilyGroupView.swift */,
				640936AC29966FB00016203F /* FamilyGroupViewModel.swift */,
				646AE6E4299960DC007E698E /* UserNameView.swift */,
			);
			path = FamilyGroup;
			sourceTree = "<group>";
		};
		64901009299CD8DE001C15DF /* ShoppingList */ = {
			isa = PBXGroup;
			children = (
				6490100A299CD8FC001C15DF /* ShoppingListView.swift */,
				6490100C299CD983001C15DF /* ItemRowView.swift */,
				6490100E299CD9D1001C15DF /* ItemList.swift */,
				64834E8929A0E05E0044D29F /* ShoppingListViewModel.swift */,
			);
			path = ShoppingList;
			sourceTree = "<group>";
		};
		64A0FCD72987D33D004B18AA = {
			isa = PBXGroup;
			children = (
				64A0FCE22987D33E004B18AA /* FamilyApp */,
				64A0FCF82987D345004B18AA /* FamilyAppTests */,
				64A0FD022987D345004B18AA /* FamilyAppUITests */,
				64A0FCE12987D33E004B18AA /* Products */,
			);
			sourceTree = "<group>";
		};
		64A0FCE12987D33E004B18AA /* Products */ = {
			isa = PBXGroup;
			children = (
				64A0FCE02987D33E004B18AA /* FamilyApp.app */,
				64A0FCF52987D345004B18AA /* FamilyAppTests.xctest */,
				64A0FCFF2987D345004B18AA /* FamilyAppUITests.xctest */,
			);
			name = Products;
			sourceTree = "<group>";
		};
		64A0FCE22987D33E004B18AA /* FamilyApp */ = {
			isa = PBXGroup;
			children = (
				6452FBEA29A4D2460073C6F5 /* Home */,
				64901009299CD8DE001C15DF /* ShoppingList */,
				646AE6E12999528C007E698E /* FamilyGroup */,
				646AE6E0299951B1007E698E /* Map */,
				646AE6DF29995176007E698E /* Start-LogIn */,
				6435E5B129885A71001A355B /* Info.plist */,
				64A0FCE72987D344004B18AA /* Assets.xcassets */,
				64EDC043298AA2B40030FECF /* GoogleService-Info.plist */,
				64A0FCEE2987D344004B18AA /* FamilyApp.xcdatamodeld */,
				64A0FCE92987D344004B18AA /* Preview Content */,
			);
			path = FamilyApp;
			sourceTree = "<group>";
		};
		64A0FCE92987D344004B18AA /* Preview Content */ = {
			isa = PBXGroup;
			children = (
				64A0FCEA2987D344004B18AA /* Preview Assets.xcassets */,
			);
			path = "Preview Content";
			sourceTree = "<group>";
		};
		64A0FCF82987D345004B18AA /* FamilyAppTests */ = {
			isa = PBXGroup;
			children = (
				64A0FCF92987D345004B18AA /* FamilyAppTests.swift */,
			);
			path = FamilyAppTests;
			sourceTree = "<group>";
		};
		64A0FD022987D345004B18AA /* FamilyAppUITests */ = {
			isa = PBXGroup;
			children = (
				64A0FD032987D345004B18AA /* FamilyAppUITests.swift */,
				64A0FD052987D345004B18AA /* FamilyAppUITestsLaunchTests.swift */,
			);
			path = FamilyAppUITests;
			sourceTree = "<group>";
		};
/* End PBXGroup section */

/* Begin PBXNativeTarget section */
		64A0FCDF2987D33E004B18AA /* FamilyApp */ = {
			isa = PBXNativeTarget;
			buildConfigurationList = 64A0FD092987D345004B18AA /* Build configuration list for PBXNativeTarget "FamilyApp" */;
			buildPhases = (
				64A0FCDC2987D33E004B18AA /* Sources */,
				64A0FCDD2987D33E004B18AA /* Frameworks */,
				64A0FCDE2987D33E004B18AA /* Resources */,
			);
			buildRules = (
			);
			dependencies = (
			);
			name = FamilyApp;
			packageProductDependencies = (
				64EDC046298AA4780030FECF /* FirebaseAuth */,
				64EDC048298AA4780030FECF /* FirebaseFirestore */,
				64EDC04A298AA4780030FECF /* FirebaseFirestoreSwift */,
				64EDC04C298AA4780030FECF /* FirebaseFunctions */,
				64EDC04E298AA4780030FECF /* FirebaseStorage */,
			);
			productName = FamilyApp;
			productReference = 64A0FCE02987D33E004B18AA /* FamilyApp.app */;
			productType = "com.apple.product-type.application";
		};
		64A0FCF42987D345004B18AA /* FamilyAppTests */ = {
			isa = PBXNativeTarget;
			buildConfigurationList = 64A0FD0C2987D345004B18AA /* Build configuration list for PBXNativeTarget "FamilyAppTests" */;
			buildPhases = (
				64A0FCF12987D345004B18AA /* Sources */,
				64A0FCF22987D345004B18AA /* Frameworks */,
				64A0FCF32987D345004B18AA /* Resources */,
			);
			buildRules = (
			);
			dependencies = (
				64A0FCF72987D345004B18AA /* PBXTargetDependency */,
			);
			name = FamilyAppTests;
			productName = FamilyAppTests;
			productReference = 64A0FCF52987D345004B18AA /* FamilyAppTests.xctest */;
			productType = "com.apple.product-type.bundle.unit-test";
		};
		64A0FCFE2987D345004B18AA /* FamilyAppUITests */ = {
			isa = PBXNativeTarget;
			buildConfigurationList = 64A0FD0F2987D345004B18AA /* Build configuration list for PBXNativeTarget "FamilyAppUITests" */;
			buildPhases = (
				64A0FCFB2987D345004B18AA /* Sources */,
				64A0FCFC2987D345004B18AA /* Frameworks */,
				64A0FCFD2987D345004B18AA /* Resources */,
			);
			buildRules = (
			);
			dependencies = (
				64A0FD012987D345004B18AA /* PBXTargetDependency */,
			);
			name = FamilyAppUITests;
			productName = FamilyAppUITests;
			productReference = 64A0FCFF2987D345004B18AA /* FamilyAppUITests.xctest */;
			productType = "com.apple.product-type.bundle.ui-testing";
		};
/* End PBXNativeTarget section */

/* Begin PBXProject section */
		64A0FCD82987D33D004B18AA /* Project object */ = {
			isa = PBXProject;
			attributes = {
				BuildIndependentTargetsInParallel = 1;
				LastSwiftUpdateCheck = 1410;
				LastUpgradeCheck = 1410;
				TargetAttributes = {
					64A0FCDF2987D33E004B18AA = {
						CreatedOnToolsVersion = 14.1;
					};
					64A0FCF42987D345004B18AA = {
						CreatedOnToolsVersion = 14.1;
						TestTargetID = 64A0FCDF2987D33E004B18AA;
					};
					64A0FCFE2987D345004B18AA = {
						CreatedOnToolsVersion = 14.1;
						TestTargetID = 64A0FCDF2987D33E004B18AA;
					};
				};
			};
			buildConfigurationList = 64A0FCDB2987D33D004B18AA /* Build configuration list for PBXProject "FamilyApp" */;
			compatibilityVersion = "Xcode 14.0";
			developmentRegion = en;
			hasScannedForEncodings = 0;
			knownRegions = (
				en,
				Base,
			);
			mainGroup = 64A0FCD72987D33D004B18AA;
			packageReferences = (
				64EDC045298AA4780030FECF /* XCRemoteSwiftPackageReference "firebase-ios-sdk" */,
			);
			productRefGroup = 64A0FCE12987D33E004B18AA /* Products */;
			projectDirPath = "";
			projectRoot = "";
			targets = (
				64A0FCDF2987D33E004B18AA /* FamilyApp */,
				64A0FCF42987D345004B18AA /* FamilyAppTests */,
				64A0FCFE2987D345004B18AA /* FamilyAppUITests */,
			);
		};
/* End PBXProject section */

/* Begin PBXResourcesBuildPhase section */
		64A0FCDE2987D33E004B18AA /* Resources */ = {
			isa = PBXResourcesBuildPhase;
			buildActionMask = 2147483647;
			files = (
				64A0FCEB2987D344004B18AA /* Preview Assets.xcassets in Resources */,
				64A0FCE82987D344004B18AA /* Assets.xcassets in Resources */,
				64EDC044298AA2B40030FECF /* GoogleService-Info.plist in Resources */,
			);
			runOnlyForDeploymentPostprocessing = 0;
		};
		64A0FCF32987D345004B18AA /* Resources */ = {
			isa = PBXResourcesBuildPhase;
			buildActionMask = 2147483647;
			files = (
			);
			runOnlyForDeploymentPostprocessing = 0;
		};
		64A0FCFD2987D345004B18AA /* Resources */ = {
			isa = PBXResourcesBuildPhase;
			buildActionMask = 2147483647;
			files = (
			);
			runOnlyForDeploymentPostprocessing = 0;
		};
/* End PBXResourcesBuildPhase section */

/* Begin PBXSourcesBuildPhase section */
		64A0FCDC2987D33E004B18AA /* Sources */ = {
			isa = PBXSourcesBuildPhase;
			buildActionMask = 2147483647;
			files = (
				640936AD29966FB00016203F /* FamilyGroupViewModel.swift in Sources */,
				64834E88299F8DEE0044D29F /* GetDataView.swift in Sources */,
				6435E5B029883A8C001A355B /* MapContentView.swift in Sources */,
				6490100F299CD9D1001C15DF /* ItemList.swift in Sources */,
				646AE6D82996AA3C007E698E /* Users.swift in Sources */,
				6490100B299CD8FC001C15DF /* ShoppingListView.swift in Sources */,
				646AE6E329995313007E698E /* AppViewModel.swift in Sources */,
				64A0FCF02987D344004B18AA /* FamilyApp.xcdatamodeld in Sources */,
				640936AF29967BBE0016203F /* FamilyGroupCode.swift in Sources */,
				646AE6E5299960DC007E698E /* UserNameView.swift in Sources */,
				64A0FCE62987D33E004B18AA /* ContentView.swift in Sources */,
				646AE6DE299950F2007E698E /* LogInView.swift in Sources */,
				64834E8A29A0E05E0044D29F /* ShoppingListViewModel.swift in Sources */,
				6452FBE929A4CD5D0073C6F5 /* HomeView.swift in Sources */,
				64A0FCE42987D33E004B18AA /* FamilyAppApp.swift in Sources */,
				640936AB299667300016203F /* FamilyGroupView.swift in Sources */,
				64832ED929887D8800284993 /* Place.swift in Sources */,
				646AE6DC299838E5007E698E /* SignUpView.swift in Sources */,
				6490100D299CD983001C15DF /* ItemRowView.swift in Sources */,
				6435E5B329886966001A355B /* MapContentViewModel.swift in Sources */,
			);
			runOnlyForDeploymentPostprocessing = 0;
		};
		64A0FCF12987D345004B18AA /* Sources */ = {
			isa = PBXSourcesBuildPhase;
			buildActionMask = 2147483647;
			files = (
				64A0FCFA2987D345004B18AA /* FamilyAppTests.swift in Sources */,
			);
			runOnlyForDeploymentPostprocessing = 0;
		};
		64A0FCFB2987D345004B18AA /* Sources */ = {
			isa = PBXSourcesBuildPhase;
			buildActionMask = 2147483647;
			files = (
				64A0FD062987D345004B18AA /* FamilyAppUITestsLaunchTests.swift in Sources */,
				64A0FD042987D345004B18AA /* FamilyAppUITests.swift in Sources */,
			);
			runOnlyForDeploymentPostprocessing = 0;
		};
/* End PBXSourcesBuildPhase section */

/* Begin PBXTargetDependency section */
		64A0FCF72987D345004B18AA /* PBXTargetDependency */ = {
			isa = PBXTargetDependency;
			target = 64A0FCDF2987D33E004B18AA /* FamilyApp */;
			targetProxy = 64A0FCF62987D345004B18AA /* PBXContainerItemProxy */;
		};
		64A0FD012987D345004B18AA /* PBXTargetDependency */ = {
			isa = PBXTargetDependency;
			target = 64A0FCDF2987D33E004B18AA /* FamilyApp */;
			targetProxy = 64A0FD002987D345004B18AA /* PBXContainerItemProxy */;
		};
/* End PBXTargetDependency section */

/* Begin XCBuildConfiguration section */
		64A0FD072987D345004B18AA /* Debug */ = {
			isa = XCBuildConfiguration;
			buildSettings = {
				ALWAYS_SEARCH_USER_PATHS = NO;
				CLANG_ANALYZER_NONNULL = YES;
				CLANG_ANALYZER_NUMBER_OBJECT_CONVERSION = YES_AGGRESSIVE;
				CLANG_CXX_LANGUAGE_STANDARD = "gnu++20";
				CLANG_ENABLE_MODULES = YES;
				CLANG_ENABLE_OBJC_ARC = YES;
				CLANG_ENABLE_OBJC_WEAK = YES;
				CLANG_WARN_BLOCK_CAPTURE_AUTORELEASING = YES;
				CLANG_WARN_BOOL_CONVERSION = YES;
				CLANG_WARN_COMMA = YES;
				CLANG_WARN_CONSTANT_CONVERSION = YES;
				CLANG_WARN_DEPRECATED_OBJC_IMPLEMENTATIONS = YES;
				CLANG_WARN_DIRECT_OBJC_ISA_USAGE = YES_ERROR;
				CLANG_WARN_DOCUMENTATION_COMMENTS = YES;
				CLANG_WARN_EMPTY_BODY = YES;
				CLANG_WARN_ENUM_CONVERSION = YES;
				CLANG_WARN_INFINITE_RECURSION = YES;
				CLANG_WARN_INT_CONVERSION = YES;
				CLANG_WARN_NON_LITERAL_NULL_CONVERSION = YES;
				CLANG_WARN_OBJC_IMPLICIT_RETAIN_SELF = YES;
				CLANG_WARN_OBJC_LITERAL_CONVERSION = YES;
				CLANG_WARN_OBJC_ROOT_CLASS = YES_ERROR;
				CLANG_WARN_QUOTED_INCLUDE_IN_FRAMEWORK_HEADER = YES;
				CLANG_WARN_RANGE_LOOP_ANALYSIS = YES;
				CLANG_WARN_STRICT_PROTOTYPES = YES;
				CLANG_WARN_SUSPICIOUS_MOVE = YES;
				CLANG_WARN_UNGUARDED_AVAILABILITY = YES_AGGRESSIVE;
				CLANG_WARN_UNREACHABLE_CODE = YES;
				CLANG_WARN__DUPLICATE_METHOD_MATCH = YES;
				COPY_PHASE_STRIP = NO;
				DEBUG_INFORMATION_FORMAT = dwarf;
				ENABLE_STRICT_OBJC_MSGSEND = YES;
				ENABLE_TESTABILITY = YES;
				GCC_C_LANGUAGE_STANDARD = gnu11;
				GCC_DYNAMIC_NO_PIC = NO;
				GCC_NO_COMMON_BLOCKS = YES;
				GCC_OPTIMIZATION_LEVEL = 0;
				GCC_PREPROCESSOR_DEFINITIONS = (
					"DEBUG=1",
					"$(inherited)",
				);
				GCC_WARN_64_TO_32_BIT_CONVERSION = YES;
				GCC_WARN_ABOUT_RETURN_TYPE = YES_ERROR;
				GCC_WARN_UNDECLARED_SELECTOR = YES;
				GCC_WARN_UNINITIALIZED_AUTOS = YES_AGGRESSIVE;
				GCC_WARN_UNUSED_FUNCTION = YES;
				GCC_WARN_UNUSED_VARIABLE = YES;
				IPHONEOS_DEPLOYMENT_TARGET = 16.1;
				MTL_ENABLE_DEBUG_INFO = INCLUDE_SOURCE;
				MTL_FAST_MATH = YES;
				ONLY_ACTIVE_ARCH = YES;
				SDKROOT = iphoneos;
				SWIFT_ACTIVE_COMPILATION_CONDITIONS = DEBUG;
				SWIFT_OPTIMIZATION_LEVEL = "-Onone";
			};
			name = Debug;
		};
		64A0FD082987D345004B18AA /* Release */ = {
			isa = XCBuildConfiguration;
			buildSettings = {
				ALWAYS_SEARCH_USER_PATHS = NO;
				CLANG_ANALYZER_NONNULL = YES;
				CLANG_ANALYZER_NUMBER_OBJECT_CONVERSION = YES_AGGRESSIVE;
				CLANG_CXX_LANGUAGE_STANDARD = "gnu++20";
				CLANG_ENABLE_MODULES = YES;
				CLANG_ENABLE_OBJC_ARC = YES;
				CLANG_ENABLE_OBJC_WEAK = YES;
				CLANG_WARN_BLOCK_CAPTURE_AUTORELEASING = YES;
				CLANG_WARN_BOOL_CONVERSION = YES;
				CLANG_WARN_COMMA = YES;
				CLANG_WARN_CONSTANT_CONVERSION = YES;
				CLANG_WARN_DEPRECATED_OBJC_IMPLEMENTATIONS = YES;
				CLANG_WARN_DIRECT_OBJC_ISA_USAGE = YES_ERROR;
				CLANG_WARN_DOCUMENTATION_COMMENTS = YES;
				CLANG_WARN_EMPTY_BODY = YES;
				CLANG_WARN_ENUM_CONVERSION = YES;
				CLANG_WARN_INFINITE_RECURSION = YES;
				CLANG_WARN_INT_CONVERSION = YES;
				CLANG_WARN_NON_LITERAL_NULL_CONVERSION = YES;
				CLANG_WARN_OBJC_IMPLICIT_RETAIN_SELF = YES;
				CLANG_WARN_OBJC_LITERAL_CONVERSION = YES;
				CLANG_WARN_OBJC_ROOT_CLASS = YES_ERROR;
				CLANG_WARN_QUOTED_INCLUDE_IN_FRAMEWORK_HEADER = YES;
				CLANG_WARN_RANGE_LOOP_ANALYSIS = YES;
				CLANG_WARN_STRICT_PROTOTYPES = YES;
				CLANG_WARN_SUSPICIOUS_MOVE = YES;
				CLANG_WARN_UNGUARDED_AVAILABILITY = YES_AGGRESSIVE;
				CLANG_WARN_UNREACHABLE_CODE = YES;
				CLANG_WARN__DUPLICATE_METHOD_MATCH = YES;
				COPY_PHASE_STRIP = NO;
				DEBUG_INFORMATION_FORMAT = "dwarf-with-dsym";
				ENABLE_NS_ASSERTIONS = NO;
				ENABLE_STRICT_OBJC_MSGSEND = YES;
				GCC_C_LANGUAGE_STANDARD = gnu11;
				GCC_NO_COMMON_BLOCKS = YES;
				GCC_WARN_64_TO_32_BIT_CONVERSION = YES;
				GCC_WARN_ABOUT_RETURN_TYPE = YES_ERROR;
				GCC_WARN_UNDECLARED_SELECTOR = YES;
				GCC_WARN_UNINITIALIZED_AUTOS = YES_AGGRESSIVE;
				GCC_WARN_UNUSED_FUNCTION = YES;
				GCC_WARN_UNUSED_VARIABLE = YES;
				IPHONEOS_DEPLOYMENT_TARGET = 16.1;
				MTL_ENABLE_DEBUG_INFO = NO;
				MTL_FAST_MATH = YES;
				SDKROOT = iphoneos;
				SWIFT_COMPILATION_MODE = wholemodule;
				SWIFT_OPTIMIZATION_LEVEL = "-O";
				VALIDATE_PRODUCT = YES;
			};
			name = Release;
		};
		64A0FD0A2987D345004B18AA /* Debug */ = {
			isa = XCBuildConfiguration;
			buildSettings = {
				ASSETCATALOG_COMPILER_APPICON_NAME = AppIcon;
				ASSETCATALOG_COMPILER_GLOBAL_ACCENT_COLOR_NAME = AccentColor;
				CODE_SIGN_STYLE = Automatic;
				CURRENT_PROJECT_VERSION = 1;
				DEVELOPMENT_ASSET_PATHS = "\"FamilyApp/Preview Content\"";
				DEVELOPMENT_TEAM = 44A27399WU;
				ENABLE_PREVIEWS = YES;
				GENERATE_INFOPLIST_FILE = YES;
				INFOPLIST_FILE = FamilyApp/Info.plist;
				INFOPLIST_KEY_NSLocationAlwaysAndWhenInUseUsageDescription = "This app requires access to your location allways.";
				INFOPLIST_KEY_NSLocationAlwaysUsageDescription = "This app needs your location to show it on the map.";
				INFOPLIST_KEY_NSLocationWhenInUseUsageDescription = "this app needs your location";
				INFOPLIST_KEY_UIApplicationSceneManifest_Generation = YES;
				INFOPLIST_KEY_UIApplicationSupportsIndirectInputEvents = YES;
				INFOPLIST_KEY_UIStatusBarStyle = "";
				INFOPLIST_KEY_UISupportedInterfaceOrientations = UIInterfaceOrientationPortrait;
				INFOPLIST_KEY_UISupportedInterfaceOrientations_iPad = "UIInterfaceOrientationLandscapeLeft UIInterfaceOrientationLandscapeRight UIInterfaceOrientationPortrait UIInterfaceOrientationPortraitUpsideDown";
				IPHONEOS_DEPLOYMENT_TARGET = 16.0;
				LD_RUNPATH_SEARCH_PATHS = (
					"$(inherited)",
					"@executable_path/Frameworks",
				);
				MARKETING_VERSION = 1.0;
				PRODUCT_BUNDLE_IDENTIFIER = com.example.FamilyApp;
				PRODUCT_NAME = "$(TARGET_NAME)";
				SWIFT_EMIT_LOC_STRINGS = YES;
				SWIFT_VERSION = 5.0;
				TARGETED_DEVICE_FAMILY = "1,2";
			};
			name = Debug;
		};
		64A0FD0B2987D345004B18AA /* Release */ = {
			isa = XCBuildConfiguration;
			buildSettings = {
				ASSETCATALOG_COMPILER_APPICON_NAME = AppIcon;
				ASSETCATALOG_COMPILER_GLOBAL_ACCENT_COLOR_NAME = AccentColor;
				CODE_SIGN_STYLE = Automatic;
				CURRENT_PROJECT_VERSION = 1;
				DEVELOPMENT_ASSET_PATHS = "\"FamilyApp/Preview Content\"";
				DEVELOPMENT_TEAM = 44A27399WU;
				ENABLE_PREVIEWS = YES;
				GENERATE_INFOPLIST_FILE = YES;
				INFOPLIST_FILE = FamilyApp/Info.plist;
				INFOPLIST_KEY_NSLocationAlwaysAndWhenInUseUsageDescription = "This app requires access to your location allways.";
				INFOPLIST_KEY_NSLocationAlwaysUsageDescription = "This app needs your location to show it on the map.";
				INFOPLIST_KEY_NSLocationWhenInUseUsageDescription = "this app needs your location";
				INFOPLIST_KEY_UIApplicationSceneManifest_Generation = YES;
				INFOPLIST_KEY_UIApplicationSupportsIndirectInputEvents = YES;
				INFOPLIST_KEY_UIStatusBarStyle = "";
				INFOPLIST_KEY_UISupportedInterfaceOrientations = UIInterfaceOrientationPortrait;
				INFOPLIST_KEY_UISupportedInterfaceOrientations_iPad = "UIInterfaceOrientationLandscapeLeft UIInterfaceOrientationLandscapeRight UIInterfaceOrientationPortrait UIInterfaceOrientationPortraitUpsideDown";
				IPHONEOS_DEPLOYMENT_TARGET = 16.0;
				LD_RUNPATH_SEARCH_PATHS = (
					"$(inherited)",
					"@executable_path/Frameworks",
				);
				MARKETING_VERSION = 1.0;
				PRODUCT_BUNDLE_IDENTIFIER = com.example.FamilyApp;
				PRODUCT_NAME = "$(TARGET_NAME)";
				SWIFT_EMIT_LOC_STRINGS = YES;
				SWIFT_VERSION = 5.0;
				TARGETED_DEVICE_FAMILY = "1,2";
			};
			name = Release;
		};
		64A0FD0D2987D345004B18AA /* Debug */ = {
			isa = XCBuildConfiguration;
			buildSettings = {
				ALWAYS_EMBED_SWIFT_STANDARD_LIBRARIES = YES;
				BUNDLE_LOADER = "$(TEST_HOST)";
				CODE_SIGN_STYLE = Automatic;
				CURRENT_PROJECT_VERSION = 1;
				DEVELOPMENT_TEAM = 44A27399WU;
				GENERATE_INFOPLIST_FILE = YES;
				IPHONEOS_DEPLOYMENT_TARGET = 16.1;
				MARKETING_VERSION = 1.0;
				PRODUCT_BUNDLE_IDENTIFIER = com.example.FamilyAppTests;
				PRODUCT_NAME = "$(TARGET_NAME)";
				SWIFT_EMIT_LOC_STRINGS = NO;
				SWIFT_VERSION = 5.0;
				TARGETED_DEVICE_FAMILY = "1,2";
				TEST_HOST = "$(BUILT_PRODUCTS_DIR)/FamilyApp.app/$(BUNDLE_EXECUTABLE_FOLDER_PATH)/FamilyApp";
			};
			name = Debug;
		};
		64A0FD0E2987D345004B18AA /* Release */ = {
			isa = XCBuildConfiguration;
			buildSettings = {
				ALWAYS_EMBED_SWIFT_STANDARD_LIBRARIES = YES;
				BUNDLE_LOADER = "$(TEST_HOST)";
				CODE_SIGN_STYLE = Automatic;
				CURRENT_PROJECT_VERSION = 1;
				DEVELOPMENT_TEAM = 44A27399WU;
				GENERATE_INFOPLIST_FILE = YES;
				IPHONEOS_DEPLOYMENT_TARGET = 16.1;
				MARKETING_VERSION = 1.0;
				PRODUCT_BUNDLE_IDENTIFIER = com.example.FamilyAppTests;
				PRODUCT_NAME = "$(TARGET_NAME)";
				SWIFT_EMIT_LOC_STRINGS = NO;
				SWIFT_VERSION = 5.0;
				TARGETED_DEVICE_FAMILY = "1,2";
				TEST_HOST = "$(BUILT_PRODUCTS_DIR)/FamilyApp.app/$(BUNDLE_EXECUTABLE_FOLDER_PATH)/FamilyApp";
			};
			name = Release;
		};
		64A0FD102987D345004B18AA /* Debug */ = {
			isa = XCBuildConfiguration;
			buildSettings = {
				ALWAYS_EMBED_SWIFT_STANDARD_LIBRARIES = YES;
				CODE_SIGN_STYLE = Automatic;
				CURRENT_PROJECT_VERSION = 1;
				DEVELOPMENT_TEAM = 44A27399WU;
				GENERATE_INFOPLIST_FILE = YES;
				MARKETING_VERSION = 1.0;
				PRODUCT_BUNDLE_IDENTIFIER = com.example.FamilyAppUITests;
				PRODUCT_NAME = "$(TARGET_NAME)";
				SWIFT_EMIT_LOC_STRINGS = NO;
				SWIFT_VERSION = 5.0;
				TARGETED_DEVICE_FAMILY = "1,2";
				TEST_TARGET_NAME = FamilyApp;
			};
			name = Debug;
		};
		64A0FD112987D345004B18AA /* Release */ = {
			isa = XCBuildConfiguration;
			buildSettings = {
				ALWAYS_EMBED_SWIFT_STANDARD_LIBRARIES = YES;
				CODE_SIGN_STYLE = Automatic;
				CURRENT_PROJECT_VERSION = 1;
				DEVELOPMENT_TEAM = 44A27399WU;
				GENERATE_INFOPLIST_FILE = YES;
				MARKETING_VERSION = 1.0;
				PRODUCT_BUNDLE_IDENTIFIER = com.example.FamilyAppUITests;
				PRODUCT_NAME = "$(TARGET_NAME)";
				SWIFT_EMIT_LOC_STRINGS = NO;
				SWIFT_VERSION = 5.0;
				TARGETED_DEVICE_FAMILY = "1,2";
				TEST_TARGET_NAME = FamilyApp;
			};
			name = Release;
		};
/* End XCBuildConfiguration section */

/* Begin XCConfigurationList section */
		64A0FCDB2987D33D004B18AA /* Build configuration list for PBXProject "FamilyApp" */ = {
			isa = XCConfigurationList;
			buildConfigurations = (
				64A0FD072987D345004B18AA /* Debug */,
				64A0FD082987D345004B18AA /* Release */,
			);
			defaultConfigurationIsVisible = 0;
			defaultConfigurationName = Release;
		};
		64A0FD092987D345004B18AA /* Build configuration list for PBXNativeTarget "FamilyApp" */ = {
			isa = XCConfigurationList;
			buildConfigurations = (
				64A0FD0A2987D345004B18AA /* Debug */,
				64A0FD0B2987D345004B18AA /* Release */,
			);
			defaultConfigurationIsVisible = 0;
			defaultConfigurationName = Release;
		};
		64A0FD0C2987D345004B18AA /* Build configuration list for PBXNativeTarget "FamilyAppTests" */ = {
			isa = XCConfigurationList;
			buildConfigurations = (
				64A0FD0D2987D345004B18AA /* Debug */,
				64A0FD0E2987D345004B18AA /* Release */,
			);
			defaultConfigurationIsVisible = 0;
			defaultConfigurationName = Release;
		};
		64A0FD0F2987D345004B18AA /* Build configuration list for PBXNativeTarget "FamilyAppUITests" */ = {
			isa = XCConfigurationList;
			buildConfigurations = (
				64A0FD102987D345004B18AA /* Debug */,
				64A0FD112987D345004B18AA /* Release */,
			);
			defaultConfigurationIsVisible = 0;
			defaultConfigurationName = Release;
		};
/* End XCConfigurationList section */

/* Begin XCRemoteSwiftPackageReference section */
		64EDC045298AA4780030FECF /* XCRemoteSwiftPackageReference "firebase-ios-sdk" */ = {
			isa = XCRemoteSwiftPackageReference;
			repositoryURL = "https://github.com/firebase/firebase-ios-sdk";
			requirement = {
				branch = master;
				kind = branch;
			};
		};
/* End XCRemoteSwiftPackageReference section */

/* Begin XCSwiftPackageProductDependency section */
		64EDC046298AA4780030FECF /* FirebaseAuth */ = {
			isa = XCSwiftPackageProductDependency;
			package = 64EDC045298AA4780030FECF /* XCRemoteSwiftPackageReference "firebase-ios-sdk" */;
			productName = FirebaseAuth;
		};
		64EDC048298AA4780030FECF /* FirebaseFirestore */ = {
			isa = XCSwiftPackageProductDependency;
			package = 64EDC045298AA4780030FECF /* XCRemoteSwiftPackageReference "firebase-ios-sdk" */;
			productName = FirebaseFirestore;
		};
		64EDC04A298AA4780030FECF /* FirebaseFirestoreSwift */ = {
			isa = XCSwiftPackageProductDependency;
			package = 64EDC045298AA4780030FECF /* XCRemoteSwiftPackageReference "firebase-ios-sdk" */;
			productName = FirebaseFirestoreSwift;
		};
		64EDC04C298AA4780030FECF /* FirebaseFunctions */ = {
			isa = XCSwiftPackageProductDependency;
			package = 64EDC045298AA4780030FECF /* XCRemoteSwiftPackageReference "firebase-ios-sdk" */;
			productName = FirebaseFunctions;
		};
		64EDC04E298AA4780030FECF /* FirebaseStorage */ = {
			isa = XCSwiftPackageProductDependency;
			package = 64EDC045298AA4780030FECF /* XCRemoteSwiftPackageReference "firebase-ios-sdk" */;
			productName = FirebaseStorage;
		};
/* End XCSwiftPackageProductDependency section */

/* Begin XCVersionGroup section */
		64A0FCEE2987D344004B18AA /* FamilyApp.xcdatamodeld */ = {
			isa = XCVersionGroup;
			children = (
				64A0FCEF2987D344004B18AA /* FamilyApp.xcdatamodel */,
			);
			currentVersion = 64A0FCEF2987D344004B18AA /* FamilyApp.xcdatamodel */;
			path = FamilyApp.xcdatamodeld;
			sourceTree = "<group>";
			versionGroupType = wrapper.xcdatamodel;
		};
/* End XCVersionGroup section */
	};
	rootObject = 64A0FCD82987D33D004B18AA /* Project object */;
}
